// !$*UTF8*$!
{
	archiveVersion = 1;
	classes = {
	};
	objectVersion = 50;
	objects = {

/* Begin PBXBuildFile section */
		EB74A9ED246C9191008E2C2C /* AppDelegate.swift in Sources */ = {isa = PBXBuildFile; fileRef = EB74A9EC246C9191008E2C2C /* AppDelegate.swift */; };
		EB74A9EF246C9191008E2C2C /* SceneDelegate.swift in Sources */ = {isa = PBXBuildFile; fileRef = EB74A9EE246C9191008E2C2C /* SceneDelegate.swift */; };
		EB74A9F1246C9191008E2C2C /* ContentView.swift in Sources */ = {isa = PBXBuildFile; fileRef = EB74A9F0246C9191008E2C2C /* ContentView.swift */; };
		EB74A9F3246C9192008E2C2C /* Assets.xcassets in Resources */ = {isa = PBXBuildFile; fileRef = EB74A9F2246C9192008E2C2C /* Assets.xcassets */; };
		EB74A9F6246C9192008E2C2C /* Preview Assets.xcassets in Resources */ = {isa = PBXBuildFile; fileRef = EB74A9F5246C9192008E2C2C /* Preview Assets.xcassets */; };
		EB74A9F9246C9192008E2C2C /* LaunchScreen.storyboard in Resources */ = {isa = PBXBuildFile; fileRef = EB74A9F7246C9192008E2C2C /* LaunchScreen.storyboard */; };
		EB74AA04246C9192008E2C2C /* Covid19_Stats_AppTests.swift in Sources */ = {isa = PBXBuildFile; fileRef = EB74AA03246C9192008E2C2C /* Covid19_Stats_AppTests.swift */; };
/* End PBXBuildFile section */

/* Begin PBXContainerItemProxy section */
		EB74AA00246C9192008E2C2C /* PBXContainerItemProxy */ = {
			isa = PBXContainerItemProxy;
			containerPortal = EB74A9E1246C9191008E2C2C /* Project object */;
			proxyType = 1;
			remoteGlobalIDString = EB74A9E8246C9191008E2C2C;
			remoteInfo = "Covid19-Stats-App";
		};
/* End PBXContainerItemProxy section */

/* Begin PBXFileReference section */
		EB74A9E9246C9191008E2C2C /* Covid19-Stats-App.app */ = {isa = PBXFileReference; explicitFileType = wrapper.application; includeInIndex = 0; path = "Covid19-Stats-App.app"; sourceTree = BUILT_PRODUCTS_DIR; };
		EB74A9EC246C9191008E2C2C /* AppDelegate.swift */ = {isa = PBXFileReference; lastKnownFileType = sourcecode.swift; path = AppDelegate.swift; sourceTree = "<group>"; };
		EB74A9EE246C9191008E2C2C /* SceneDelegate.swift */ = {isa = PBXFileReference; lastKnownFileType = sourcecode.swift; path = SceneDelegate.swift; sourceTree = "<group>"; };
		EB74A9F0246C9191008E2C2C /* ContentView.swift */ = {isa = PBXFileReference; lastKnownFileType = sourcecode.swift; path = ContentView.swift; sourceTree = "<group>"; };
		EB74A9F2246C9192008E2C2C /* Assets.xcassets */ = {isa = PBXFileReference; lastKnownFileType = folder.assetcatalog; path = Assets.xcassets; sourceTree = "<group>"; };
		EB74A9F5246C9192008E2C2C /* Preview Assets.xcassets */ = {isa = PBXFileReference; lastKnownFileType = folder.assetcatalog; path = "Preview Assets.xcassets"; sourceTree = "<group>"; };
		EB74A9F8246C9192008E2C2C /* Base */ = {isa = PBXFileReference; lastKnownFileType = file.storyboard; name = Base; path = Base.lproj/LaunchScreen.storyboard; sourceTree = "<group>"; };
		EB74A9FA246C9192008E2C2C /* Info.plist */ = {isa = PBXFileReference; lastKnownFileType = text.plist.xml; path = Info.plist; sourceTree = "<group>"; };
		EB74A9FF246C9192008E2C2C /* Covid19-Stats-AppTests.xctest */ = {isa = PBXFileReference; explicitFileType = wrapper.cfbundle; includeInIndex = 0; path = "Covid19-Stats-AppTests.xctest"; sourceTree = BUILT_PRODUCTS_DIR; };
		EB74AA03246C9192008E2C2C /* Covid19_Stats_AppTests.swift */ = {isa = PBXFileReference; lastKnownFileType = sourcecode.swift; path = Covid19_Stats_AppTests.swift; sourceTree = "<group>"; };
		EB74AA05246C9192008E2C2C /* Info.plist */ = {isa = PBXFileReference; lastKnownFileType = text.plist.xml; path = Info.plist; sourceTree = "<group>"; };
/* End PBXFileReference section */

/* Begin PBXFrameworksBuildPhase section */
		EB74A9E6246C9191008E2C2C /* Frameworks */ = {
			isa = PBXFrameworksBuildPhase;
			buildActionMask = 2147483647;
			files = (
			);
			runOnlyForDeploymentPostprocessing = 0;
		};
		EB74A9FC246C9192008E2C2C /* Frameworks */ = {
			isa = PBXFrameworksBuildPhase;
			buildActionMask = 2147483647;
			files = (
			);
			runOnlyForDeploymentPostprocessing = 0;
		};
/* End PBXFrameworksBuildPhase section */

/* Begin PBXGroup section */
		EB74A9E0246C9191008E2C2C = {
			isa = PBXGroup;
			children = (
				EB74A9EB246C9191008E2C2C /* Covid19-Stats-App */,
				EB74AA02246C9192008E2C2C /* Covid19-Stats-AppTests */,
				EB74A9EA246C9191008E2C2C /* Products */,
			);
			sourceTree = "<group>";
		};
		EB74A9EA246C9191008E2C2C /* Products */ = {
			isa = PBXGroup;
			children = (
				EB74A9E9246C9191008E2C2C /* Covid19-Stats-App.app */,
				EB74A9FF246C9192008E2C2C /* Covid19-Stats-AppTests.xctest */,
			);
			name = Products;
			sourceTree = "<group>";
		};
		EB74A9EB246C9191008E2C2C /* Covid19-Stats-App */ = {
			isa = PBXGroup;
			children = (
				EB74A9EC246C9191008E2C2C /* AppDelegate.swift */,
				EB74A9EE246C9191008E2C2C /* SceneDelegate.swift */,
				EB74A9F0246C9191008E2C2C /* ContentView.swift */,
				EB74A9F2246C9192008E2C2C /* Assets.xcassets */,
				EB74A9F7246C9192008E2C2C /* LaunchScreen.storyboard */,
				EB74A9FA246C9192008E2C2C /* Info.plist */,
				EB74A9F4246C9192008E2C2C /* Preview Content */,
			);
			path = "Covid19-Stats-App";
			sourceTree = "<group>";
		};
		EB74A9F4246C9192008E2C2C /* Preview Content */ = {
			isa = PBXGroup;
			children = (
				EB74A9F5246C9192008E2C2C /* Preview Assets.xcassets */,
			);
			path = "Preview Content";
			sourceTree = "<group>";
		};
		EB74AA02246C9192008E2C2C /* Covid19-Stats-AppTests */ = {
			isa = PBXGroup;
			children = (
				EB74AA03246C9192008E2C2C /* Covid19_Stats_AppTests.swift */,
				EB74AA05246C9192008E2C2C /* Info.plist */,
			);
			path = "Covid19-Stats-AppTests";
			sourceTree = "<group>";
		};
/* End PBXGroup section */

/* Begin PBXNativeTarget section */
		EB74A9E8246C9191008E2C2C /* Covid19-Stats-App */ = {
			isa = PBXNativeTarget;
			buildConfigurationList = EB74AA08246C9192008E2C2C /* Build configuration list for PBXNativeTarget "Covid19-Stats-App" */;
			buildPhases = (
				EB74A9E5246C9191008E2C2C /* Sources */,
				EB74A9E6246C9191008E2C2C /* Frameworks */,
				EB74A9E7246C9191008E2C2C /* Resources */,
			);
			buildRules = (
			);
			dependencies = (
			);
			name = "Covid19-Stats-App";
			productName = "Covid19-Stats-App";
			productReference = EB74A9E9246C9191008E2C2C /* Covid19-Stats-App.app */;
			productType = "com.apple.product-type.application";
		};
		EB74A9FE246C9192008E2C2C /* Covid19-Stats-AppTests */ = {
			isa = PBXNativeTarget;
			buildConfigurationList = EB74AA0B246C9192008E2C2C /* Build configuration list for PBXNativeTarget "Covid19-Stats-AppTests" */;
			buildPhases = (
				EB74A9FB246C9192008E2C2C /* Sources */,
				EB74A9FC246C9192008E2C2C /* Frameworks */,
				EB74A9FD246C9192008E2C2C /* Resources */,
			);
			buildRules = (
			);
			dependencies = (
				EB74AA01246C9192008E2C2C /* PBXTargetDependency */,
			);
			name = "Covid19-Stats-AppTests";
			productName = "Covid19-Stats-AppTests";
			productReference = EB74A9FF246C9192008E2C2C /* Covid19-Stats-AppTests.xctest */;
			productType = "com.apple.product-type.bundle.unit-test";
		};
/* End PBXNativeTarget section */

/* Begin PBXProject section */
		EB74A9E1246C9191008E2C2C /* Project object */ = {
			isa = PBXProject;
			attributes = {
				LastSwiftUpdateCheck = 1140;
				LastUpgradeCheck = 1240;
				ORGANIZATIONNAME = "Sydney Achinger";
				TargetAttributes = {
					EB74A9E8246C9191008E2C2C = {
						CreatedOnToolsVersion = 11.4.1;
					};
					EB74A9FE246C9192008E2C2C = {
						CreatedOnToolsVersion = 11.4.1;
						TestTargetID = EB74A9E8246C9191008E2C2C;
					};
				};
			};
			buildConfigurationList = EB74A9E4246C9191008E2C2C /* Build configuration list for PBXProject "Covid19-Stats-App" */;
			compatibilityVersion = "Xcode 9.3";
			developmentRegion = en;
			hasScannedForEncodings = 0;
			knownRegions = (
				en,
				Base,
			);
			mainGroup = EB74A9E0246C9191008E2C2C;
			productRefGroup = EB74A9EA246C9191008E2C2C /* Products */;
			projectDirPath = "";
			projectRoot = "";
			targets = (
				EB74A9E8246C9191008E2C2C /* Covid19-Stats-App */,
				EB74A9FE246C9192008E2C2C /* Covid19-Stats-AppTests */,
			);
		};
/* End PBXProject section */

/* Begin PBXResourcesBuildPhase section */
		EB74A9E7246C9191008E2C2C /* Resources */ = {
			isa = PBXResourcesBuildPhase;
			buildActionMask = 2147483647;
			files = (
				EB74A9F9246C9192008E2C2C /* LaunchScreen.storyboard in Resources */,
				EB74A9F6246C9192008E2C2C /* Preview Assets.xcassets in Resources */,
				EB74A9F3246C9192008E2C2C /* Assets.xcassets in Resources */,
			);
			runOnlyForDeploymentPostprocessing = 0;
		};
		EB74A9FD246C9192008E2C2C /* Resources */ = {
			isa = PBXResourcesBuildPhase;
			buildActionMask = 2147483647;
			files = (
			);
			runOnlyForDeploymentPostprocessing = 0;
		};
/* End PBXResourcesBuildPhase section */

/* Begin PBXSourcesBuildPhase section */
		EB74A9E5246C9191008E2C2C /* Sources */ = {
			isa = PBXSourcesBuildPhase;
			buildActionMask = 2147483647;
			files = (
				EB74A9ED246C9191008E2C2C /* AppDelegate.swift in Sources */,
				EB74A9EF246C9191008E2C2C /* SceneDelegate.swift in Sources */,
				EB74A9F1246C9191008E2C2C /* ContentView.swift in Sources */,
			);
			runOnlyForDeploymentPostprocessing = 0;
		};
		EB74A9FB246C9192008E2C2C /* Sources */ = {
			isa = PBXSourcesBuildPhase;
			buildActionMask = 2147483647;
			files = (
				EB74AA04246C9192008E2C2C /* Covid19_Stats_AppTests.swift in Sources */,
			);
			runOnlyForDeploymentPostprocessing = 0;
		};
/* End PBXSourcesBuildPhase section */

/* Begin PBXTargetDependency section */
		EB74AA01246C9192008E2C2C /* PBXTargetDependency */ = {
			isa = PBXTargetDependency;
			target = EB74A9E8246C9191008E2C2C /* Covid19-Stats-App */;
			targetProxy = EB74AA00246C9192008E2C2C /* PBXContainerItemProxy */;
		};
/* End PBXTargetDependency section */

/* Begin PBXVariantGroup section */
		EB74A9F7246C9192008E2C2C /* LaunchScreen.storyboard */ = {
			isa = PBXVariantGroup;
			children = (
				EB74A9F8246C9192008E2C2C /* Base */,
			);
			name = LaunchScreen.storyboard;
			sourceTree = "<group>";
		};
/* End PBXVariantGroup section */

/* Begin XCBuildConfiguration section */
		EB74AA06246C9192008E2C2C /* Debug */ = {
			isa = XCBuildConfiguration;
			buildSettings = {
				ALWAYS_SEARCH_USER_PATHS = NO;
				CLANG_ANALYZER_NONNULL = YES;
				CLANG_ANALYZER_NUMBER_OBJECT_CONVERSION = YES_AGGRESSIVE;
				CLANG_CXX_LANGUAGE_STANDARD = "gnu++14";
				CLANG_CXX_LIBRARY = "libc++";
				CLANG_ENABLE_MODULES = YES;
				CLANG_ENABLE_OBJC_ARC = YES;
				CLANG_ENABLE_OBJC_WEAK = YES;
				CLANG_WARN_BLOCK_CAPTURE_AUTORELEASING = YES;
				CLANG_WARN_BOOL_CONVERSION = YES;
				CLANG_WARN_COMMA = YES;
				CLANG_WARN_CONSTANT_CONVERSION = YES;
				CLANG_WARN_DEPRECATED_OBJC_IMPLEMENTATIONS = YES;
				CLANG_WARN_DIRECT_OBJC_ISA_USAGE = YES_ERROR;
				CLANG_WARN_DOCUMENTATION_COMMENTS = YES;
				CLANG_WARN_EMPTY_BODY = YES;
				CLANG_WARN_ENUM_CONVERSION = YES;
				CLANG_WARN_INFINITE_RECURSION = YES;
				CLANG_WARN_INT_CONVERSION = YES;
				CLANG_WARN_NON_LITERAL_NULL_CONVERSION = YES;
				CLANG_WARN_OBJC_IMPLICIT_RETAIN_SELF = YES;
				CLANG_WARN_OBJC_LITERAL_CONVERSION = YES;
				CLANG_WARN_OBJC_ROOT_CLASS = YES_ERROR;
				CLANG_WARN_QUOTED_INCLUDE_IN_FRAMEWORK_HEADER = YES;
				CLANG_WARN_RANGE_LOOP_ANALYSIS = YES;
				CLANG_WARN_STRICT_PROTOTYPES = YES;
				CLANG_WARN_SUSPICIOUS_MOVE = YES;
				CLANG_WARN_UNGUARDED_AVAILABILITY = YES_AGGRESSIVE;
				CLANG_WARN_UNREACHABLE_CODE = YES;
				CLANG_WARN__DUPLICATE_METHOD_MATCH = YES;
				COPY_PHASE_STRIP = NO;
				DEBUG_INFORMATION_FORMAT = dwarf;
				ENABLE_STRICT_OBJC_MSGSEND = YES;
				ENABLE_TESTABILITY = YES;
				GCC_C_LANGUAGE_STANDARD = gnu11;
				GCC_DYNAMIC_NO_PIC = NO;
				GCC_NO_COMMON_BLOCKS = YES;
				GCC_OPTIMIZATION_LEVEL = 0;
				GCC_PREPROCESSOR_DEFINITIONS = (
					"DEBUG=1",
					"$(inherited)",
				);
				GCC_WARN_64_TO_32_BIT_CONVERSION = YES;
				GCC_WARN_ABOUT_RETURN_TYPE = YES_ERROR;
				GCC_WARN_UNDECLARED_SELECTOR = YES;
				GCC_WARN_UNINITIALIZED_AUTOS = YES_AGGRESSIVE;
				GCC_WARN_UNUSED_FUNCTION = YES;
				GCC_WARN_UNUSED_VARIABLE = YES;
				IPHONEOS_DEPLOYMENT_TARGET = 13.4;
				MTL_ENABLE_DEBUG_INFO = INCLUDE_SOURCE;
				MTL_FAST_MATH = YES;
				ONLY_ACTIVE_ARCH = YES;
				SDKROOT = iphoneos;
				SWIFT_ACTIVE_COMPILATION_CONDITIONS = DEBUG;
				SWIFT_OPTIMIZATION_LEVEL = "-Onone";
			};
			name = Debug;
		};
		EB74AA07246C9192008E2C2C /* Release */ = {
			isa = XCBuildConfiguration;
			buildSettings = {
				ALWAYS_SEARCH_USER_PATHS = NO;
				CLANG_ANALYZER_NONNULL = YES;
				CLANG_ANALYZER_NUMBER_OBJECT_CONVERSION = YES_AGGRESSIVE;
				CLANG_CXX_LANGUAGE_STANDARD = "gnu++14";
				CLANG_CXX_LIBRARY = "libc++";
				CLANG_ENABLE_MODULES = YES;
				CLANG_ENABLE_OBJC_ARC = YES;
				CLANG_ENABLE_OBJC_WEAK = YES;
				CLANG_WARN_BLOCK_CAPTURE_AUTORELEASING = YES;
				CLANG_WARN_BOOL_CONVERSION = YES;
				CLANG_WARN_COMMA = YES;
				CLANG_WARN_CONSTANT_CONVERSION = YES;
				CLANG_WARN_DEPRECATED_OBJC_IMPLEMENTATIONS = YES;
				CLANG_WARN_DIRECT_OBJC_ISA_USAGE = YES_ERROR;
				CLANG_WARN_DOCUMENTATION_COMMENTS = YES;
				CLANG_WARN_EMPTY_BODY = YES;
				CLANG_WARN_ENUM_CONVERSION = YES;
				CLANG_WARN_INFINITE_RECURSION = YES;
				CLANG_WARN_INT_CONVERSION = YES;
				CLANG_WARN_NON_LITERAL_NULL_CONVERSION = YES;
				CLANG_WARN_OBJC_IMPLICIT_RETAIN_SELF = YES;
				CLANG_WARN_OBJC_LITERAL_CONVERSION = YES;
				CLANG_WARN_OBJC_ROOT_CLASS = YES_ERROR;
				CLANG_WARN_QUOTED_INCLUDE_IN_FRAMEWORK_HEADER = YES;
				CLANG_WARN_RANGE_LOOP_ANALYSIS = YES;
				CLANG_WARN_STRICT_PROTOTYPES = YES;
				CLANG_WARN_SUSPICIOUS_MOVE = YES;
				CLANG_WARN_UNGUARDED_AVAILABILITY = YES_AGGRESSIVE;
				CLANG_WARN_UNREACHABLE_CODE = YES;
				CLANG_WARN__DUPLICATE_METHOD_MATCH = YES;
				COPY_PHASE_STRIP = NO;
				DEBUG_INFORMATION_FORMAT = "dwarf-with-dsym";
				ENABLE_NS_ASSERTIONS = NO;
				ENABLE_STRICT_OBJC_MSGSEND = YES;
				GCC_C_LANGUAGE_STANDARD = gnu11;
				GCC_NO_COMMON_BLOCKS = YES;
				GCC_WARN_64_TO_32_BIT_CONVERSION = YES;
				GCC_WARN_ABOUT_RETURN_TYPE = YES_ERROR;
				GCC_WARN_UNDECLARED_SELECTOR = YES;
				GCC_WARN_UNINITIALIZED_AUTOS = YES_AGGRESSIVE;
				GCC_WARN_UNUSED_FUNCTION = YES;
				GCC_WARN_UNUSED_VARIABLE = YES;
				IPHONEOS_DEPLOYMENT_TARGET = 13.4;
				MTL_ENABLE_DEBUG_INFO = NO;
				MTL_FAST_MATH = YES;
				SDKROOT = iphoneos;
				SWIFT_COMPILATION_MODE = wholemodule;
				SWIFT_OPTIMIZATION_LEVEL = "-O";
				VALIDATE_PRODUCT = YES;
			};
			name = Release;
		};
		EB74AA09246C9192008E2C2C /* Debug */ = {
			isa = XCBuildConfiguration;
			buildSettings = {
				ASSETCATALOG_COMPILER_APPICON_NAME = AppIcon;
				CODE_SIGN_STYLE = Automatic;
				DEVELOPMENT_ASSET_PATHS = "\"Covid19-Stats-App/Preview Content\"";
				DEVELOPMENT_TEAM = 3V25YZZQMC;
				ENABLE_PREVIEWS = YES;
				INFOPLIST_FILE = "Covid19-Stats-App/Info.plist";
				LD_RUNPATH_SEARCH_PATHS = (
					"$(inherited)",
					"@executable_path/Frameworks",
				);
				PRODUCT_BUNDLE_IDENTIFIER = "com.example.Covid19-Stats-App";
				PRODUCT_NAME = "$(TARGET_NAME)";
				SWIFT_VERSION = 5.0;
				TARGETED_DEVICE_FAMILY = "1,2";
			};
			name = Debug;
		};
		EB74AA0A246C9192008E2C2C /* Release */ = {
			isa = XCBuildConfiguration;
			buildSettings = {
				ASSETCATALOG_COMPILER_APPICON_NAME = AppIcon;
				CODE_SIGN_STYLE = Automatic;
				DEVELOPMENT_ASSET_PATHS = "\"Covid19-Stats-App/Preview Content\"";
				DEVELOPMENT_TEAM = 3V25YZZQMC;
				ENABLE_PREVIEWS = YES;
				INFOPLIST_FILE = "Covid19-Stats-App/Info.plist";
				LD_RUNPATH_SEARCH_PATHS = (
					"$(inherited)",
					"@executable_path/Frameworks",
				);
				PRODUCT_BUNDLE_IDENTIFIER = "com.example.Covid19-Stats-App";
				PRODUCT_NAME = "$(TARGET_NAME)";
				SWIFT_VERSION = 5.0;
				TARGETED_DEVICE_FAMILY = "1,2";
			};
			name = Release;
		};
		EB74AA0C246C9192008E2C2C /* Debug */ = {
			isa = XCBuildConfiguration;
			buildSettings = {
				ALWAYS_EMBED_SWIFT_STANDARD_LIBRARIES = YES;
				BUNDLE_LOADER = "$(TEST_HOST)";
				CODE_SIGN_STYLE = Automatic;
				INFOPLIST_FILE = "Covid19-Stats-AppTests/Info.plist";
				IPHONEOS_DEPLOYMENT_TARGET = 13.4;
				LD_RUNPATH_SEARCH_PATHS = (
					"$(inherited)",
					"@executable_path/Frameworks",
					"@loader_path/Frameworks",
				);
				PRODUCT_BUNDLE_IDENTIFIER = "com.example.Covid19-Stats-AppTests";
				PRODUCT_NAME = "$(TARGET_NAME)";
				SWIFT_VERSION = 5.0;
				TARGETED_DEVICE_FAMILY = "1,2";
				TEST_HOST = "$(BUILT_PRODUCTS_DIR)/Covid19-Stats-App.app/Covid19-Stats-App";
			};
			name = Debug;
		};
		EB74AA0D246C9192008E2C2C /* Release */ = {
			isa = XCBuildConfiguration;
			buildSettings = {
				ALWAYS_EMBED_SWIFT_STANDARD_LIBRARIES = YES;
				BUNDLE_LOADER = "$(TEST_HOST)";
				CODE_SIGN_STYLE = Automatic;
				INFOPLIST_FILE = "Covid19-Stats-AppTests/Info.plist";
				IPHONEOS_DEPLOYMENT_TARGET = 13.4;
				LD_RUNPATH_SEARCH_PATHS = (
					"$(inherited)",
					"@executable_path/Frameworks",
					"@loader_path/Frameworks",
				);
				PRODUCT_BUNDLE_IDENTIFIER = "com.example.Covid19-Stats-AppTests";
				PRODUCT_NAME = "$(TARGET_NAME)";
				SWIFT_VERSION = 5.0;
				TARGETED_DEVICE_FAMILY = "1,2";
				TEST_HOST = "$(BUILT_PRODUCTS_DIR)/Covid19-Stats-App.app/Covid19-Stats-App";
			};
			name = Release;
		};
/* End XCBuildConfiguration section */

/* Begin XCConfigurationList section */
		EB74A9E4246C9191008E2C2C /* Build configuration list for PBXProject "Covid19-Stats-App" */ = {
			isa = XCConfigurationList;
			buildConfigurations = (
				EB74AA06246C9192008E2C2C /* Debug */,
				EB74AA07246C9192008E2C2C /* Release */,
			);
			defaultConfigurationIsVisible = 0;
			defaultConfigurationName = Release;
		};
		EB74AA08246C9192008E2C2C /* Build configuration list for PBXNativeTarget "Covid19-Stats-App" */ = {
			isa = XCConfigurationList;
			buildConfigurations = (
				EB74AA09246C9192008E2C2C /* Debug */,
				EB74AA0A246C9192008E2C2C /* Release */,
			);
			defaultConfigurationIsVisible = 0;
			defaultConfigurationName = Release;
		};
		EB74AA0B246C9192008E2C2C /* Build configuration list for PBXNativeTarget "Covid19-Stats-AppTests" */ = {
			isa = XCConfigurationList;
			buildConfigurations = (
				EB74AA0C246C9192008E2C2C /* Debug */,
				EB74AA0D246C9192008E2C2C /* Release */,
			);
			defaultConfigurationIsVisible = 0;
			defaultConfigurationName = Release;
		};
/* End XCConfigurationList section */
	};
	rootObject = EB74A9E1246C9191008E2C2C /* Project object */;
}
